// !$*UTF8*$!
{
	archiveVersion = 1;
	classes = {
	};
	objectVersion = 56;
	objects = {

/* Begin PBXBuildFile section */
		04BCF462295B02DC00A420B6 /* AppDelegate.swift in Sources */ = {isa = PBXBuildFile; fileRef = 04BCF461295B02DC00A420B6 /* AppDelegate.swift */; };
		04BCF464295B02DC00A420B6 /* SceneDelegate.swift in Sources */ = {isa = PBXBuildFile; fileRef = 04BCF463295B02DC00A420B6 /* SceneDelegate.swift */; };
		04BCF466295B02DC00A420B6 /* ViewController.swift in Sources */ = {isa = PBXBuildFile; fileRef = 04BCF465295B02DC00A420B6 /* ViewController.swift */; };
		04BCF469295B02DC00A420B6 /* Main.storyboard in Resources */ = {isa = PBXBuildFile; fileRef = 04BCF467295B02DC00A420B6 /* Main.storyboard */; };
		04BCF46C295B02DC00A420B6 /* OnlineShop.xcdatamodeld in Sources */ = {isa = PBXBuildFile; fileRef = 04BCF46A295B02DC00A420B6 /* OnlineShop.xcdatamodeld */; };
		04BCF46E295B02DE00A420B6 /* Assets.xcassets in Resources */ = {isa = PBXBuildFile; fileRef = 04BCF46D295B02DE00A420B6 /* Assets.xcassets */; };
		04BCF471295B02DE00A420B6 /* LaunchScreen.storyboard in Resources */ = {isa = PBXBuildFile; fileRef = 04BCF46F295B02DE00A420B6 /* LaunchScreen.storyboard */; };
		04BCF47D295B587900A420B6 /* mainCollectionViewCell.swift in Sources */ = {isa = PBXBuildFile; fileRef = 04BCF47C295B587900A420B6 /* mainCollectionViewCell.swift */; };
		04BCF480295B7E5200A420B6 /* ItemModel.swift in Sources */ = {isa = PBXBuildFile; fileRef = 04BCF47F295B7E5200A420B6 /* ItemModel.swift */; };
		4278D61EA6057690755F7EE5 /* Pods_OnlineShop.framework in Frameworks */ = {isa = PBXBuildFile; fileRef = 3CC59FD792C6FAFE3312C686 /* Pods_OnlineShop.framework */; };
/* End PBXBuildFile section */

/* Begin PBXFileReference section */
		04BCF45E295B02DC00A420B6 /* OnlineShop.app */ = {isa = PBXFileReference; explicitFileType = wrapper.application; includeInIndex = 0; path = OnlineShop.app; sourceTree = BUILT_PRODUCTS_DIR; };
		04BCF461295B02DC00A420B6 /* AppDelegate.swift */ = {isa = PBXFileReference; lastKnownFileType = sourcecode.swift; path = AppDelegate.swift; sourceTree = "<group>"; };
		04BCF463295B02DC00A420B6 /* SceneDelegate.swift */ = {isa = PBXFileReference; lastKnownFileType = sourcecode.swift; path = SceneDelegate.swift; sourceTree = "<group>"; };
		04BCF465295B02DC00A420B6 /* ViewController.swift */ = {isa = PBXFileReference; lastKnownFileType = sourcecode.swift; path = ViewController.swift; sourceTree = "<group>"; };
		04BCF468295B02DC00A420B6 /* Base */ = {isa = PBXFileReference; lastKnownFileType = file.storyboard; name = Base; path = Base.lproj/Main.storyboard; sourceTree = "<group>"; };
		04BCF46B295B02DC00A420B6 /* OnlineShop.xcdatamodel */ = {isa = PBXFileReference; lastKnownFileType = wrapper.xcdatamodel; path = OnlineShop.xcdatamodel; sourceTree = "<group>"; };
		04BCF46D295B02DE00A420B6 /* Assets.xcassets */ = {isa = PBXFileReference; lastKnownFileType = folder.assetcatalog; path = Assets.xcassets; sourceTree = "<group>"; };
		04BCF470295B02DE00A420B6 /* Base */ = {isa = PBXFileReference; lastKnownFileType = file.storyboard; name = Base; path = Base.lproj/LaunchScreen.storyboard; sourceTree = "<group>"; };
		04BCF472295B02DE00A420B6 /* Info.plist */ = {isa = PBXFileReference; lastKnownFileType = text.plist.xml; path = Info.plist; sourceTree = "<group>"; };
		04BCF47C295B587900A420B6 /* mainCollectionViewCell.swift */ = {isa = PBXFileReference; lastKnownFileType = sourcecode.swift; path = mainCollectionViewCell.swift; sourceTree = "<group>"; };
		04BCF47F295B7E5200A420B6 /* ItemModel.swift */ = {isa = PBXFileReference; lastKnownFileType = sourcecode.swift; path = ItemModel.swift; sourceTree = "<group>"; };
		3CC59FD792C6FAFE3312C686 /* Pods_OnlineShop.framework */ = {isa = PBXFileReference; explicitFileType = wrapper.framework; includeInIndex = 0; path = Pods_OnlineShop.framework; sourceTree = BUILT_PRODUCTS_DIR; };
		B3B1509560E219DB06D6B386 /* Pods-OnlineShop.release.xcconfig */ = {isa = PBXFileReference; includeInIndex = 1; lastKnownFileType = text.xcconfig; name = "Pods-OnlineShop.release.xcconfig"; path = "Target Support Files/Pods-OnlineShop/Pods-OnlineShop.release.xcconfig"; sourceTree = "<group>"; };
		FBFED4AAB9C05CA0C3136046 /* Pods-OnlineShop.debug.xcconfig */ = {isa = PBXFileReference; includeInIndex = 1; lastKnownFileType = text.xcconfig; name = "Pods-OnlineShop.debug.xcconfig"; path = "Target Support Files/Pods-OnlineShop/Pods-OnlineShop.debug.xcconfig"; sourceTree = "<group>"; };
/* End PBXFileReference section */

/* Begin PBXFrameworksBuildPhase section */
		04BCF45B295B02DC00A420B6 /* Frameworks */ = {
			isa = PBXFrameworksBuildPhase;
			buildActionMask = 2147483647;
			files = (
				4278D61EA6057690755F7EE5 /* Pods_OnlineShop.framework in Frameworks */,
			);
			runOnlyForDeploymentPostprocessing = 0;
		};
/* End PBXFrameworksBuildPhase section */

/* Begin PBXGroup section */
		04BCF455295B02DC00A420B6 = {
			isa = PBXGroup;
			children = (
				04BCF460295B02DC00A420B6 /* OnlineShop */,
				04BCF45F295B02DC00A420B6 /* Products */,
				8ACD1936B9C0E18A301065B3 /* Pods */,
				3E4EC1540AEF2175A33857BD /* Frameworks */,
			);
			sourceTree = "<group>";
		};
		04BCF45F295B02DC00A420B6 /* Products */ = {
			isa = PBXGroup;
			children = (
				04BCF45E295B02DC00A420B6 /* OnlineShop.app */,
			);
			name = Products;
			sourceTree = "<group>";
		};
		04BCF460295B02DC00A420B6 /* OnlineShop */ = {
			isa = PBXGroup;
			children = (
				04BCF47A295B031900A420B6 /* Delegate */,
				04BCF479295B030900A420B6 /* View */,
				04BCF47E295B7E0B00A420B6 /* Model */,
				04BCF478295B02EC00A420B6 /* Controllers */,
				04BCF46D295B02DE00A420B6 /* Assets.xcassets */,
				04BCF472295B02DE00A420B6 /* Info.plist */,
				04BCF46A295B02DC00A420B6 /* OnlineShop.xcdatamodeld */,
			);
			path = OnlineShop;
			sourceTree = "<group>";
		};
		04BCF478295B02EC00A420B6 /* Controllers */ = {
			isa = PBXGroup;
			children = (
				04BCF47B295B584A00A420B6 /* ViewController */,
			);
			path = Controllers;
			sourceTree = "<group>";
		};
		04BCF479295B030900A420B6 /* View */ = {
			isa = PBXGroup;
			children = (
				04BCF467295B02DC00A420B6 /* Main.storyboard */,
				04BCF46F295B02DE00A420B6 /* LaunchScreen.storyboard */,
			);
			path = View;
			sourceTree = "<group>";
		};
		04BCF47A295B031900A420B6 /* Delegate */ = {
			isa = PBXGroup;
			children = (
				04BCF463295B02DC00A420B6 /* SceneDelegate.swift */,
				04BCF461295B02DC00A420B6 /* AppDelegate.swift */,
			);
			path = Delegate;
			sourceTree = "<group>";
		};
		04BCF47B295B584A00A420B6 /* ViewController */ = {
			isa = PBXGroup;
			children = (
				04BCF465295B02DC00A420B6 /* ViewController.swift */,
				04BCF47C295B587900A420B6 /* mainCollectionViewCell.swift */,
			);
			path = ViewController;
			sourceTree = "<group>";
		};
		04BCF47E295B7E0B00A420B6 /* Model */ = {
			isa = PBXGroup;
			children = (
				04BCF47F295B7E5200A420B6 /* ItemModel.swift */,
			);
			path = Model;
			sourceTree = "<group>";
		};
		3E4EC1540AEF2175A33857BD /* Frameworks */ = {
			isa = PBXGroup;
			children = (
				3CC59FD792C6FAFE3312C686 /* Pods_OnlineShop.framework */,
			);
			name = Frameworks;
			sourceTree = "<group>";
		};
		8ACD1936B9C0E18A301065B3 /* Pods */ = {
			isa = PBXGroup;
			children = (
				FBFED4AAB9C05CA0C3136046 /* Pods-OnlineShop.debug.xcconfig */,
				B3B1509560E219DB06D6B386 /* Pods-OnlineShop.release.xcconfig */,
			);
			path = Pods;
			sourceTree = "<group>";
		};
/* End PBXGroup section */

/* Begin PBXNativeTarget section */
		04BCF45D295B02DC00A420B6 /* OnlineShop */ = {
			isa = PBXNativeTarget;
			buildConfigurationList = 04BCF475295B02DE00A420B6 /* Build configuration list for PBXNativeTarget "OnlineShop" */;
			buildPhases = (
				C5714F8615CA17CDDAC744A4 /* [CP] Check Pods Manifest.lock */,
				04BCF45A295B02DC00A420B6 /* Sources */,
				04BCF45B295B02DC00A420B6 /* Frameworks */,
				04BCF45C295B02DC00A420B6 /* Resources */,
				703BBAFA6F1507422E3D163C /* [CP] Embed Pods Frameworks */,
			);
			buildRules = (
			);
			dependencies = (
			);
			name = OnlineShop;
			productName = OnlineShop;
			productReference = 04BCF45E295B02DC00A420B6 /* OnlineShop.app */;
			productType = "com.apple.product-type.application";
		};
/* End PBXNativeTarget section */

/* Begin PBXProject section */
		04BCF456295B02DC00A420B6 /* Project object */ = {
			isa = PBXProject;
			attributes = {
				BuildIndependentTargetsInParallel = 1;
				LastSwiftUpdateCheck = 1420;
				LastUpgradeCheck = 1420;
				TargetAttributes = {
					04BCF45D295B02DC00A420B6 = {
						CreatedOnToolsVersion = 14.2;
					};
				};
			};
			buildConfigurationList = 04BCF459295B02DC00A420B6 /* Build configuration list for PBXProject "OnlineShop" */;
			compatibilityVersion = "Xcode 14.0";
			developmentRegion = en;
			hasScannedForEncodings = 0;
			knownRegions = (
				en,
				Base,
			);
			mainGroup = 04BCF455295B02DC00A420B6;
			productRefGroup = 04BCF45F295B02DC00A420B6 /* Products */;
			projectDirPath = "";
			projectRoot = "";
			targets = (
				04BCF45D295B02DC00A420B6 /* OnlineShop */,
			);
		};
/* End PBXProject section */

/* Begin PBXResourcesBuildPhase section */
		04BCF45C295B02DC00A420B6 /* Resources */ = {
			isa = PBXResourcesBuildPhase;
			buildActionMask = 2147483647;
			files = (
				04BCF471295B02DE00A420B6 /* LaunchScreen.storyboard in Resources */,
				04BCF46E295B02DE00A420B6 /* Assets.xcassets in Resources */,
				04BCF469295B02DC00A420B6 /* Main.storyboard in Resources */,
			);
			runOnlyForDeploymentPostprocessing = 0;
		};
/* End PBXResourcesBuildPhase section */

/* Begin PBXShellScriptBuildPhase section */
		703BBAFA6F1507422E3D163C /* [CP] Embed Pods Frameworks */ = {
			isa = PBXShellScriptBuildPhase;
			buildActionMask = 2147483647;
			files = (
			);
			inputFileListPaths = (
				"${PODS_ROOT}/Target Support Files/Pods-OnlineShop/Pods-OnlineShop-frameworks-${CONFIGURATION}-input-files.xcfilelist",
			);
			name = "[CP] Embed Pods Frameworks";
			outputFileListPaths = (
				"${PODS_ROOT}/Target Support Files/Pods-OnlineShop/Pods-OnlineShop-frameworks-${CONFIGURATION}-output-files.xcfilelist",
			);
			runOnlyForDeploymentPostprocessing = 0;
			shellPath = /bin/sh;
			shellScript = "\"${PODS_ROOT}/Target Support Files/Pods-OnlineShop/Pods-OnlineShop-frameworks.sh\"\n";
			showEnvVarsInLog = 0;
		};
		C5714F8615CA17CDDAC744A4 /* [CP] Check Pods Manifest.lock */ = {
			isa = PBXShellScriptBuildPhase;
			buildActionMask = 2147483647;
			files = (
			);
			inputFileListPaths = (
			);
			inputPaths = (
				"${PODS_PODFILE_DIR_PATH}/Podfile.lock",
				"${PODS_ROOT}/Manifest.lock",
			);
			name = "[CP] Check Pods Manifest.lock";
			outputFileListPaths = (
			);
			outputPaths = (
				"$(DERIVED_FILE_DIR)/Pods-OnlineShop-checkManifestLockResult.txt",
			);
			runOnlyForDeploymentPostprocessing = 0;
			shellPath = /bin/sh;
			shellScript = "diff \"${PODS_PODFILE_DIR_PATH}/Podfile.lock\" \"${PODS_ROOT}/Manifest.lock\" > /dev/null\nif [ $? != 0 ] ; then\n    # print error to STDERR\n    echo \"error: The sandbox is not in sync with the Podfile.lock. Run 'pod install' or update your CocoaPods installation.\" >&2\n    exit 1\nfi\n# This output is used by Xcode 'outputs' to avoid re-running this script phase.\necho \"SUCCESS\" > \"${SCRIPT_OUTPUT_FILE_0}\"\n";
			showEnvVarsInLog = 0;
		};
/* End PBXShellScriptBuildPhase section */

/* Begin PBXSourcesBuildPhase section */
		04BCF45A295B02DC00A420B6 /* Sources */ = {
			isa = PBXSourcesBuildPhase;
			buildActionMask = 2147483647;
			files = (
				04BCF480295B7E5200A420B6 /* ItemModel.swift in Sources */,
				04BCF47D295B587900A420B6 /* mainCollectionViewCell.swift in Sources */,
				04BCF466295B02DC00A420B6 /* ViewController.swift in Sources */,
				04BCF462295B02DC00A420B6 /* AppDelegate.swift in Sources */,
				04BCF46C295B02DC00A420B6 /* OnlineShop.xcdatamodeld in Sources */,
				04BCF464295B02DC00A420B6 /* SceneDelegate.swift in Sources */,
			);
			runOnlyForDeploymentPostprocessing = 0;
		};
/* End PBXSourcesBuildPhase section */

/* Begin PBXVariantGroup section */
		04BCF467295B02DC00A420B6 /* Main.storyboard */ = {
			isa = PBXVariantGroup;
			children = (
				04BCF468295B02DC00A420B6 /* Base */,
			);
			name = Main.storyboard;
			sourceTree = "<group>";
		};
		04BCF46F295B02DE00A420B6 /* LaunchScreen.storyboard */ = {
			isa = PBXVariantGroup;
			children = (
				04BCF470295B02DE00A420B6 /* Base */,
			);
			name = LaunchScreen.storyboard;
			sourceTree = "<group>";
		};
/* End PBXVariantGroup section */

/* Begin XCBuildConfiguration section */
		04BCF473295B02DE00A420B6 /* Debug */ = {
			isa = XCBuildConfiguration;
			buildSettings = {
				ALWAYS_SEARCH_USER_PATHS = NO;
				CLANG_ANALYZER_NONNULL = YES;
				CLANG_ANALYZER_NUMBER_OBJECT_CONVERSION = YES_AGGRESSIVE;
				CLANG_CXX_LANGUAGE_STANDARD = "gnu++20";
				CLANG_ENABLE_MODULES = YES;
				CLANG_ENABLE_OBJC_ARC = YES;
				CLANG_ENABLE_OBJC_WEAK = YES;
				CLANG_WARN_BLOCK_CAPTURE_AUTORELEASING = YES;
				CLANG_WARN_BOOL_CONVERSION = YES;
				CLANG_WARN_COMMA = YES;
				CLANG_WARN_CONSTANT_CONVERSION = YES;
				CLANG_WARN_DEPRECATED_OBJC_IMPLEMENTATIONS = YES;
				CLANG_WARN_DIRECT_OBJC_ISA_USAGE = YES_ERROR;
				CLANG_WARN_DOCUMENTATION_COMMENTS = YES;
				CLANG_WARN_EMPTY_BODY = YES;
				CLANG_WARN_ENUM_CONVERSION = YES;
				CLANG_WARN_INFINITE_RECURSION = YES;
				CLANG_WARN_INT_CONVERSION = YES;
				CLANG_WARN_NON_LITERAL_NULL_CONVERSION = YES;
				CLANG_WARN_OBJC_IMPLICIT_RETAIN_SELF = YES;
				CLANG_WARN_OBJC_LITERAL_CONVERSION = YES;
				CLANG_WARN_OBJC_ROOT_CLASS = YES_ERROR;
				CLANG_WARN_QUOTED_INCLUDE_IN_FRAMEWORK_HEADER = YES;
				CLANG_WARN_RANGE_LOOP_ANALYSIS = YES;
				CLANG_WARN_STRICT_PROTOTYPES = YES;
				CLANG_WARN_SUSPICIOUS_MOVE = YES;
				CLANG_WARN_UNGUARDED_AVAILABILITY = YES_AGGRESSIVE;
				CLANG_WARN_UNREACHABLE_CODE = YES;
				CLANG_WARN__DUPLICATE_METHOD_MATCH = YES;
				COPY_PHASE_STRIP = NO;
				DEBUG_INFORMATION_FORMAT = dwarf;
				ENABLE_STRICT_OBJC_MSGSEND = YES;
				ENABLE_TESTABILITY = YES;
				GCC_C_LANGUAGE_STANDARD = gnu11;
				GCC_DYNAMIC_NO_PIC = NO;
				GCC_NO_COMMON_BLOCKS = YES;
				GCC_OPTIMIZATION_LEVEL = 0;
				GCC_PREPROCESSOR_DEFINITIONS = (
					"DEBUG=1",
					"$(inherited)",
				);
				GCC_WARN_64_TO_32_BIT_CONVERSION = YES;
				GCC_WARN_ABOUT_RETURN_TYPE = YES_ERROR;
				GCC_WARN_UNDECLARED_SELECTOR = YES;
				GCC_WARN_UNINITIALIZED_AUTOS = YES_AGGRESSIVE;
				GCC_WARN_UNUSED_FUNCTION = YES;
				GCC_WARN_UNUSED_VARIABLE = YES;
				IPHONEOS_DEPLOYMENT_TARGET = 16.2;
				MTL_ENABLE_DEBUG_INFO = INCLUDE_SOURCE;
				MTL_FAST_MATH = YES;
				ONLY_ACTIVE_ARCH = YES;
				SDKROOT = iphoneos;
				SWIFT_ACTIVE_COMPILATION_CONDITIONS = DEBUG;
				SWIFT_OPTIMIZATION_LEVEL = "-Onone";
			};
			name = Debug;
		};
		04BCF474295B02DE00A420B6 /* Release */ = {
			isa = XCBuildConfiguration;
			buildSettings = {
				ALWAYS_SEARCH_USER_PATHS = NO;
				CLANG_ANALYZER_NONNULL = YES;
				CLANG_ANALYZER_NUMBER_OBJECT_CONVERSION = YES_AGGRESSIVE;
				CLANG_CXX_LANGUAGE_STANDARD = "gnu++20";
				CLANG_ENABLE_MODULES = YES;
				CLANG_ENABLE_OBJC_ARC = YES;
				CLANG_ENABLE_OBJC_WEAK = YES;
				CLANG_WARN_BLOCK_CAPTURE_AUTORELEASING = YES;
				CLANG_WARN_BOOL_CONVERSION = YES;
				CLANG_WARN_COMMA = YES;
				CLANG_WARN_CONSTANT_CONVERSION = YES;
				CLANG_WARN_DEPRECATED_OBJC_IMPLEMENTATIONS = YES;
				CLANG_WARN_DIRECT_OBJC_ISA_USAGE = YES_ERROR;
				CLANG_WARN_DOCUMENTATION_COMMENTS = YES;
				CLANG_WARN_EMPTY_BODY = YES;
				CLANG_WARN_ENUM_CONVERSION = YES;
				CLANG_WARN_INFINITE_RECURSION = YES;
				CLANG_WARN_INT_CONVERSION = YES;
				CLANG_WARN_NON_LITERAL_NULL_CONVERSION = YES;
				CLANG_WARN_OBJC_IMPLICIT_RETAIN_SELF = YES;
				CLANG_WARN_OBJC_LITERAL_CONVERSION = YES;
				CLANG_WARN_OBJC_ROOT_CLASS = YES_ERROR;
				CLANG_WARN_QUOTED_INCLUDE_IN_FRAMEWORK_HEADER = YES;
				CLANG_WARN_RANGE_LOOP_ANALYSIS = YES;
				CLANG_WARN_STRICT_PROTOTYPES = YES;
				CLANG_WARN_SUSPICIOUS_MOVE = YES;
				CLANG_WARN_UNGUARDED_AVAILABILITY = YES_AGGRESSIVE;
				CLANG_WARN_UNREACHABLE_CODE = YES;
				CLANG_WARN__DUPLICATE_METHOD_MATCH = YES;
				COPY_PHASE_STRIP = NO;
				DEBUG_INFORMATION_FORMAT = "dwarf-with-dsym";
				ENABLE_NS_ASSERTIONS = NO;
				ENABLE_STRICT_OBJC_MSGSEND = YES;
				GCC_C_LANGUAGE_STANDARD = gnu11;
				GCC_NO_COMMON_BLOCKS = YES;
				GCC_WARN_64_TO_32_BIT_CONVERSION = YES;
				GCC_WARN_ABOUT_RETURN_TYPE = YES_ERROR;
				GCC_WARN_UNDECLARED_SELECTOR = YES;
				GCC_WARN_UNINITIALIZED_AUTOS = YES_AGGRESSIVE;
				GCC_WARN_UNUSED_FUNCTION = YES;
				GCC_WARN_UNUSED_VARIABLE = YES;
				IPHONEOS_DEPLOYMENT_TARGET = 16.2;
				MTL_ENABLE_DEBUG_INFO = NO;
				MTL_FAST_MATH = YES;
				SDKROOT = iphoneos;
				SWIFT_COMPILATION_MODE = wholemodule;
				SWIFT_OPTIMIZATION_LEVEL = "-O";
				VALIDATE_PRODUCT = YES;
			};
			name = Release;
		};
		04BCF476295B02DE00A420B6 /* Debug */ = {
			isa = XCBuildConfiguration;
			baseConfigurationReference = FBFED4AAB9C05CA0C3136046 /* Pods-OnlineShop.debug.xcconfig */;
			buildSettings = {
				ASSETCATALOG_COMPILER_APPICON_NAME = AppIcon;
				ASSETCATALOG_COMPILER_GLOBAL_ACCENT_COLOR_NAME = AccentColor;
				CODE_SIGN_STYLE = Automatic;
				CURRENT_PROJECT_VERSION = 1;
				DEVELOPMENT_TEAM = V2VQ3HD8ZX;
				GENERATE_INFOPLIST_FILE = YES;
				INFOPLIST_FILE = OnlineShop/Info.plist;
				INFOPLIST_KEY_UIApplicationSupportsIndirectInputEvents = YES;
				INFOPLIST_KEY_UILaunchStoryboardName = LaunchScreen;
				INFOPLIST_KEY_UIMainStoryboardFile = Main;
				INFOPLIST_KEY_UISupportedInterfaceOrientations_iPad = "UIInterfaceOrientationPortrait UIInterfaceOrientationPortraitUpsideDown UIInterfaceOrientationLandscapeLeft UIInterfaceOrientationLandscapeRight";
				INFOPLIST_KEY_UISupportedInterfaceOrientations_iPhone = "UIInterfaceOrientationPortrait UIInterfaceOrientationLandscapeLeft UIInterfaceOrientationLandscapeRight";
				LD_RUNPATH_SEARCH_PATHS = (
					"$(inherited)",
					"@executable_path/Frameworks",
				);
				MARKETING_VERSION = 1.0;
				PRODUCT_BUNDLE_IDENTIFIER = "Intejer-academy.OnlineShop";
				PRODUCT_NAME = "$(TARGET_NAME)";
				SWIFT_EMIT_LOC_STRINGS = YES;
				SWIFT_VERSION = 5.0;
				TARGETED_DEVICE_FAMILY = "1,2";
			};
			name = Debug;
		};
		04BCF477295B02DE00A420B6 /* Release */ = {
			isa = XCBuildConfiguration;
			baseConfigurationReference = B3B1509560E219DB06D6B386 /* Pods-OnlineShop.release.xcconfig */;
			buildSettings = {
				ASSETCATALOG_COMPILER_APPICON_NAME = AppIcon;
				ASSETCATALOG_COMPILER_GLOBAL_ACCENT_COLOR_NAME = AccentColor;
				CODE_SIGN_STYLE = Automatic;
				CURRENT_PROJECT_VERSION = 1;
				DEVELOPMENT_TEAM = V2VQ3HD8ZX;
				GENERATE_INFOPLIST_FILE = YES;
				INFOPLIST_FILE = OnlineShop/Info.plist;
				INFOPLIST_KEY_UIApplicationSupportsIndirectInputEvents = YES;
				INFOPLIST_KEY_UILaunchStoryboardName = LaunchScreen;
				INFOPLIST_KEY_UIMainStoryboardFile = Main;
				INFOPLIST_KEY_UISupportedInterfaceOrientations_iPad = "UIInterfaceOrientationPortrait UIInterfaceOrientationPortraitUpsideDown UIInterfaceOrientationLandscapeLeft UIInterfaceOrientationLandscapeRight";
				INFOPLIST_KEY_UISupportedInterfaceOrientations_iPhone = "UIInterfaceOrientationPortrait UIInterfaceOrientationLandscapeLeft UIInterfaceOrientationLandscapeRight";
				LD_RUNPATH_SEARCH_PATHS = (
					"$(inherited)",
					"@executable_path/Frameworks",
				);
				MARKETING_VERSION = 1.0;
				PRODUCT_BUNDLE_IDENTIFIER = "Intejer-academy.OnlineShop";
				PRODUCT_NAME = "$(TARGET_NAME)";
				SWIFT_EMIT_LOC_STRINGS = YES;
				SWIFT_VERSION = 5.0;
				TARGETED_DEVICE_FAMILY = "1,2";
			};
			name = Release;
		};
/* End XCBuildConfiguration section */

/* Begin XCConfigurationList section */
		04BCF459295B02DC00A420B6 /* Build configuration list for PBXProject "OnlineShop" */ = {
			isa = XCConfigurationList;
			buildConfigurations = (
				04BCF473295B02DE00A420B6 /* Debug */,
				04BCF474295B02DE00A420B6 /* Release */,
			);
			defaultConfigurationIsVisible = 0;
			defaultConfigurationName = Release;
		};
		04BCF475295B02DE00A420B6 /* Build configuration list for PBXNativeTarget "OnlineShop" */ = {
			isa = XCConfigurationList;
			buildConfigurations = (
				04BCF476295B02DE00A420B6 /* Debug */,
				04BCF477295B02DE00A420B6 /* Release */,
			);
			defaultConfigurationIsVisible = 0;
			defaultConfigurationName = Release;
		};
/* End XCConfigurationList section */

/* Begin XCVersionGroup section */
		04BCF46A295B02DC00A420B6 /* OnlineShop.xcdatamodeld */ = {
			isa = XCVersionGroup;
			children = (
				04BCF46B295B02DC00A420B6 /* OnlineShop.xcdatamodel */,
			);
			currentVersion = 04BCF46B295B02DC00A420B6 /* OnlineShop.xcdatamodel */;
			path = OnlineShop.xcdatamodeld;
			sourceTree = "<group>";
			versionGroupType = wrapper.xcdatamodel;
		};
/* End XCVersionGroup section */
	};
	rootObject = 04BCF456295B02DC00A420B6 /* Project object */;
}
